
Microsoft Visual Studio Solution File, Format Version 12.00
# Visual Studio Version 17
VisualStudioVersion = 17.4.33213.308
MinimumVisualStudioVersion = 10.0.40219.1
Project("{FAE04EC0-301F-11D3-BF4B-00C04F79EFBC}") = "ConsoleAppLab5", "ConsoleAppLab5\ConsoleAppLab5.csproj", "{A409FE6E-102F-409D-9DAE-FE030070AFBB}"
EndProject
Global
	GlobalSection(SolutionConfigurationPlatforms) = preSolution
		Debug|Any CPU = Debug|Any CPU
		Release|Any CPU = Release|Any CPU
	EndGlobalSection
	GlobalSection(ProjectConfigurationPlatforms) = postSolution
		{A409FE6E-102F-409D-9DAE-FE030070AFBB}.Debug|Any CPU.ActiveCfg = Debug|Any CPU
		{A409FE6E-102F-409D-9DAE-FE030070AFBB}.Debug|Any CPU.Build.0 = Debug|Any CPU
		{A409FE6E-102F-409D-9DAE-FE030070AFBB}.Release|Any CPU.ActiveCfg = Release|Any CPU
		{A409FE6E-102F-409D-9DAE-FE030070AFBB}.Release|Any CPU.Build.0 = Release|Any CPU
	EndGlobalSection
	GlobalSection(SolutionProperties) = preSolution
		HideSolutionNode = FALSE
	EndGlobalSection
	GlobalSection(ExtensibilityGlobals) = postSolution
		SolutionGuid = {DE9A1240-3AA9-46E2-88A9-905B9412E899}
	EndGlobalSection
EndGlobal
